
Microsoft Visual Studio Solution File, Format Version 12.00
# Visual Studio Version 16
VisualStudioVersion = 16.0.29609.76
MinimumVisualStudioVersion = 10.0.40219.1
Project("{9A19103F-16F7-4668-BE54-9A1E7A4F7556}") = "Millionaire", "millionaire\millionaire.csproj", "{AAC6C31C-8E81-4A7D-898B-F23DB01A298C}"
EndProject
Project("{FAE04EC0-301F-11D3-BF4B-00C04F79EFBC}") = "Tests", "tests\tests.csproj", "{CF0ABCE5-6C19-460C-A12D-39F275262E63}"
EndProject
Global
	GlobalSection(SolutionConfigurationPlatforms) = preSolution
		Debug|Any CPU = Debug|Any CPU
		Release|Any CPU = Release|Any CPU
	EndGlobalSection
	GlobalSection(ProjectConfigurationPlatforms) = postSolution
		{AAC6C31C-8E81-4A7D-898B-F23DB01A298C}.Debug|Any CPU.ActiveCfg = Debug|Any CPU
		{AAC6C31C-8E81-4A7D-898B-F23DB01A298C}.Debug|Any CPU.Build.0 = Debug|Any CPU
		{AAC6C31C-8E81-4A7D-898B-F23DB01A298C}.Release|Any CPU.ActiveCfg = Release|Any CPU
		{AAC6C31C-8E81-4A7D-898B-F23DB01A298C}.Release|Any CPU.Build.0 = Release|Any CPU
		{CF0ABCE5-6C19-460C-A12D-39F275262E63}.Debug|Any CPU.ActiveCfg = Debug|Any CPU
		{CF0ABCE5-6C19-460C-A12D-39F275262E63}.Debug|Any CPU.Build.0 = Debug|Any CPU
		{CF0ABCE5-6C19-460C-A12D-39F275262E63}.Release|Any CPU.ActiveCfg = Release|Any CPU
		{CF0ABCE5-6C19-460C-A12D-39F275262E63}.Release|Any CPU.Build.0 = Release|Any CPU
	EndGlobalSection
	GlobalSection(SolutionProperties) = preSolution
		HideSolutionNode = FALSE
	EndGlobalSection
	GlobalSection(ExtensibilityGlobals) = postSolution
		SolutionGuid = {52466341-E371-4076-B5E1-F1644861C3A8}
	EndGlobalSection
EndGlobal
